// !$*UTF8*$!
{
	archiveVersion = 1;
	classes = {
	};
	objectVersion = 56;
	objects = {

/* Begin PBXBuildFile section */
		46A7AB262B90CDDC00890C08 /* LocationDetailsView.swift in Sources */ = {isa = PBXBuildFile; fileRef = 46A7AB252B90CDDC00890C08 /* LocationDetailsView.swift */; };
		46CBD4E72B8FA50800B9E7D3 /* IOS_MapKitApp.swift in Sources */ = {isa = PBXBuildFile; fileRef = 46CBD4E62B8FA50800B9E7D3 /* IOS_MapKitApp.swift */; };
		46CBD4E92B8FA50800B9E7D3 /* ContentView.swift in Sources */ = {isa = PBXBuildFile; fileRef = 46CBD4E82B8FA50800B9E7D3 /* ContentView.swift */; };
		46CBD4EB2B8FA50A00B9E7D3 /* Assets.xcassets in Resources */ = {isa = PBXBuildFile; fileRef = 46CBD4EA2B8FA50A00B9E7D3 /* Assets.xcassets */; };
		46CBD4EF2B8FA50A00B9E7D3 /* Preview Assets.xcassets in Resources */ = {isa = PBXBuildFile; fileRef = 46CBD4EE2B8FA50A00B9E7D3 /* Preview Assets.xcassets */; };
		46CBD4F92B8FA50A00B9E7D3 /* IOS_MapKitTests.swift in Sources */ = {isa = PBXBuildFile; fileRef = 46CBD4F82B8FA50A00B9E7D3 /* IOS_MapKitTests.swift */; };
		46CBD5032B8FA50A00B9E7D3 /* IOS_MapKitUITests.swift in Sources */ = {isa = PBXBuildFile; fileRef = 46CBD5022B8FA50A00B9E7D3 /* IOS_MapKitUITests.swift */; };
		46CBD5052B8FA50A00B9E7D3 /* IOS_MapKitUITestsLaunchTests.swift in Sources */ = {isa = PBXBuildFile; fileRef = 46CBD5042B8FA50A00B9E7D3 /* IOS_MapKitUITestsLaunchTests.swift */; };
/* End PBXBuildFile section */

/* Begin PBXContainerItemProxy section */
		46CBD4F52B8FA50A00B9E7D3 /* PBXContainerItemProxy */ = {
			isa = PBXContainerItemProxy;
			containerPortal = 46CBD4DB2B8FA50800B9E7D3 /* Project object */;
			proxyType = 1;
			remoteGlobalIDString = 46CBD4E22B8FA50800B9E7D3;
			remoteInfo = "IOS-MapKit";
		};
		46CBD4FF2B8FA50A00B9E7D3 /* PBXContainerItemProxy */ = {
			isa = PBXContainerItemProxy;
			containerPortal = 46CBD4DB2B8FA50800B9E7D3 /* Project object */;
			proxyType = 1;
			remoteGlobalIDString = 46CBD4E22B8FA50800B9E7D3;
			remoteInfo = "IOS-MapKit";
		};
/* End PBXContainerItemProxy section */

/* Begin PBXFileReference section */
		46A7AB252B90CDDC00890C08 /* LocationDetailsView.swift */ = {isa = PBXFileReference; lastKnownFileType = sourcecode.swift; path = LocationDetailsView.swift; sourceTree = "<group>"; };
		46CBD4E32B8FA50800B9E7D3 /* IOS-MapKit.app */ = {isa = PBXFileReference; explicitFileType = wrapper.application; includeInIndex = 0; path = "IOS-MapKit.app"; sourceTree = BUILT_PRODUCTS_DIR; };
		46CBD4E62B8FA50800B9E7D3 /* IOS_MapKitApp.swift */ = {isa = PBXFileReference; lastKnownFileType = sourcecode.swift; path = IOS_MapKitApp.swift; sourceTree = "<group>"; };
		46CBD4E82B8FA50800B9E7D3 /* ContentView.swift */ = {isa = PBXFileReference; lastKnownFileType = sourcecode.swift; path = ContentView.swift; sourceTree = "<group>"; };
		46CBD4EA2B8FA50A00B9E7D3 /* Assets.xcassets */ = {isa = PBXFileReference; lastKnownFileType = folder.assetcatalog; path = Assets.xcassets; sourceTree = "<group>"; };
		46CBD4EC2B8FA50A00B9E7D3 /* IOS_MapKit.entitlements */ = {isa = PBXFileReference; lastKnownFileType = text.plist.entitlements; path = IOS_MapKit.entitlements; sourceTree = "<group>"; };
		46CBD4EE2B8FA50A00B9E7D3 /* Preview Assets.xcassets */ = {isa = PBXFileReference; lastKnownFileType = folder.assetcatalog; path = "Preview Assets.xcassets"; sourceTree = "<group>"; };
		46CBD4F42B8FA50A00B9E7D3 /* IOS-MapKitTests.xctest */ = {isa = PBXFileReference; explicitFileType = wrapper.cfbundle; includeInIndex = 0; path = "IOS-MapKitTests.xctest"; sourceTree = BUILT_PRODUCTS_DIR; };
		46CBD4F82B8FA50A00B9E7D3 /* IOS_MapKitTests.swift */ = {isa = PBXFileReference; lastKnownFileType = sourcecode.swift; path = IOS_MapKitTests.swift; sourceTree = "<group>"; };
		46CBD4FE2B8FA50A00B9E7D3 /* IOS-MapKitUITests.xctest */ = {isa = PBXFileReference; explicitFileType = wrapper.cfbundle; includeInIndex = 0; path = "IOS-MapKitUITests.xctest"; sourceTree = BUILT_PRODUCTS_DIR; };
		46CBD5022B8FA50A00B9E7D3 /* IOS_MapKitUITests.swift */ = {isa = PBXFileReference; lastKnownFileType = sourcecode.swift; path = IOS_MapKitUITests.swift; sourceTree = "<group>"; };
		46CBD5042B8FA50A00B9E7D3 /* IOS_MapKitUITestsLaunchTests.swift */ = {isa = PBXFileReference; lastKnownFileType = sourcecode.swift; path = IOS_MapKitUITestsLaunchTests.swift; sourceTree = "<group>"; };
/* End PBXFileReference section */

/* Begin PBXFrameworksBuildPhase section */
		46CBD4E02B8FA50800B9E7D3 /* Frameworks */ = {
			isa = PBXFrameworksBuildPhase;
			buildActionMask = 2147483647;
			files = (
			);
			runOnlyForDeploymentPostprocessing = 0;
		};
		46CBD4F12B8FA50A00B9E7D3 /* Frameworks */ = {
			isa = PBXFrameworksBuildPhase;
			buildActionMask = 2147483647;
			files = (
			);
			runOnlyForDeploymentPostprocessing = 0;
		};
		46CBD4FB2B8FA50A00B9E7D3 /* Frameworks */ = {
			isa = PBXFrameworksBuildPhase;
			buildActionMask = 2147483647;
			files = (
			);
			runOnlyForDeploymentPostprocessing = 0;
		};
/* End PBXFrameworksBuildPhase section */

/* Begin PBXGroup section */
		46CBD4DA2B8FA50800B9E7D3 = {
			isa = PBXGroup;
			children = (
				46CBD4E52B8FA50800B9E7D3 /* IOS-MapKit */,
				46CBD4F72B8FA50A00B9E7D3 /* IOS-MapKitTests */,
				46CBD5012B8FA50A00B9E7D3 /* IOS-MapKitUITests */,
				46CBD4E42B8FA50800B9E7D3 /* Products */,
			);
			sourceTree = "<group>";
		};
		46CBD4E42B8FA50800B9E7D3 /* Products */ = {
			isa = PBXGroup;
			children = (
				46CBD4E32B8FA50800B9E7D3 /* IOS-MapKit.app */,
				46CBD4F42B8FA50A00B9E7D3 /* IOS-MapKitTests.xctest */,
				46CBD4FE2B8FA50A00B9E7D3 /* IOS-MapKitUITests.xctest */,
			);
			name = Products;
			sourceTree = "<group>";
		};
		46CBD4E52B8FA50800B9E7D3 /* IOS-MapKit */ = {
			isa = PBXGroup;
			children = (
				46CBD4E62B8FA50800B9E7D3 /* IOS_MapKitApp.swift */,
				46A7AB252B90CDDC00890C08 /* LocationDetailsView.swift */,
				46CBD4E82B8FA50800B9E7D3 /* ContentView.swift */,
				46CBD4EA2B8FA50A00B9E7D3 /* Assets.xcassets */,
				46CBD4EC2B8FA50A00B9E7D3 /* IOS_MapKit.entitlements */,
				46CBD4ED2B8FA50A00B9E7D3 /* Preview Content */,
			);
			path = "IOS-MapKit";
			sourceTree = "<group>";
		};
		46CBD4ED2B8FA50A00B9E7D3 /* Preview Content */ = {
			isa = PBXGroup;
			children = (
				46CBD4EE2B8FA50A00B9E7D3 /* Preview Assets.xcassets */,
			);
			path = "Preview Content";
			sourceTree = "<group>";
		};
		46CBD4F72B8FA50A00B9E7D3 /* IOS-MapKitTests */ = {
			isa = PBXGroup;
			children = (
				46CBD4F82B8FA50A00B9E7D3 /* IOS_MapKitTests.swift */,
			);
			path = "IOS-MapKitTests";
			sourceTree = "<group>";
		};
		46CBD5012B8FA50A00B9E7D3 /* IOS-MapKitUITests */ = {
			isa = PBXGroup;
			children = (
				46CBD5022B8FA50A00B9E7D3 /* IOS_MapKitUITests.swift */,
				46CBD5042B8FA50A00B9E7D3 /* IOS_MapKitUITestsLaunchTests.swift */,
			);
			path = "IOS-MapKitUITests";
			sourceTree = "<group>";
		};
/* End PBXGroup section */

/* Begin PBXNativeTarget section */
		46CBD4E22B8FA50800B9E7D3 /* IOS-MapKit */ = {
			isa = PBXNativeTarget;
			buildConfigurationList = 46CBD5082B8FA50A00B9E7D3 /* Build configuration list for PBXNativeTarget "IOS-MapKit" */;
			buildPhases = (
				46CBD4DF2B8FA50800B9E7D3 /* Sources */,
				46CBD4E02B8FA50800B9E7D3 /* Frameworks */,
				46CBD4E12B8FA50800B9E7D3 /* Resources */,
			);
			buildRules = (
			);
			dependencies = (
			);
			name = "IOS-MapKit";
			productName = "IOS-MapKit";
			productReference = 46CBD4E32B8FA50800B9E7D3 /* IOS-MapKit.app */;
			productType = "com.apple.product-type.application";
		};
		46CBD4F32B8FA50A00B9E7D3 /* IOS-MapKitTests */ = {
			isa = PBXNativeTarget;
			buildConfigurationList = 46CBD50B2B8FA50A00B9E7D3 /* Build configuration list for PBXNativeTarget "IOS-MapKitTests" */;
			buildPhases = (
				46CBD4F02B8FA50A00B9E7D3 /* Sources */,
				46CBD4F12B8FA50A00B9E7D3 /* Frameworks */,
				46CBD4F22B8FA50A00B9E7D3 /* Resources */,
			);
			buildRules = (
			);
			dependencies = (
				46CBD4F62B8FA50A00B9E7D3 /* PBXTargetDependency */,
			);
			name = "IOS-MapKitTests";
			productName = "IOS-MapKitTests";
			productReference = 46CBD4F42B8FA50A00B9E7D3 /* IOS-MapKitTests.xctest */;
			productType = "com.apple.product-type.bundle.unit-test";
		};
		46CBD4FD2B8FA50A00B9E7D3 /* IOS-MapKitUITests */ = {
			isa = PBXNativeTarget;
			buildConfigurationList = 46CBD50E2B8FA50A00B9E7D3 /* Build configuration list for PBXNativeTarget "IOS-MapKitUITests" */;
			buildPhases = (
				46CBD4FA2B8FA50A00B9E7D3 /* Sources */,
				46CBD4FB2B8FA50A00B9E7D3 /* Frameworks */,
				46CBD4FC2B8FA50A00B9E7D3 /* Resources */,
			);
			buildRules = (
			);
			dependencies = (
				46CBD5002B8FA50A00B9E7D3 /* PBXTargetDependency */,
			);
			name = "IOS-MapKitUITests";
			productName = "IOS-MapKitUITests";
			productReference = 46CBD4FE2B8FA50A00B9E7D3 /* IOS-MapKitUITests.xctest */;
			productType = "com.apple.product-type.bundle.ui-testing";
		};
/* End PBXNativeTarget section */

/* Begin PBXProject section */
		46CBD4DB2B8FA50800B9E7D3 /* Project object */ = {
			isa = PBXProject;
			attributes = {
				BuildIndependentTargetsInParallel = 1;
				LastSwiftUpdateCheck = 1520;
				LastUpgradeCheck = 1520;
				TargetAttributes = {
					46CBD4E22B8FA50800B9E7D3 = {
						CreatedOnToolsVersion = 15.2;
					};
					46CBD4F32B8FA50A00B9E7D3 = {
						CreatedOnToolsVersion = 15.2;
						TestTargetID = 46CBD4E22B8FA50800B9E7D3;
					};
					46CBD4FD2B8FA50A00B9E7D3 = {
						CreatedOnToolsVersion = 15.2;
						TestTargetID = 46CBD4E22B8FA50800B9E7D3;
					};
				};
			};
			buildConfigurationList = 46CBD4DE2B8FA50800B9E7D3 /* Build configuration list for PBXProject "IOS-MapKit" */;
			compatibilityVersion = "Xcode 14.0";
			developmentRegion = en;
			hasScannedForEncodings = 0;
			knownRegions = (
				en,
				Base,
			);
			mainGroup = 46CBD4DA2B8FA50800B9E7D3;
			productRefGroup = 46CBD4E42B8FA50800B9E7D3 /* Products */;
			projectDirPath = "";
			projectRoot = "";
			targets = (
				46CBD4E22B8FA50800B9E7D3 /* IOS-MapKit */,
				46CBD4F32B8FA50A00B9E7D3 /* IOS-MapKitTests */,
				46CBD4FD2B8FA50A00B9E7D3 /* IOS-MapKitUITests */,
			);
		};
/* End PBXProject section */

/* Begin PBXResourcesBuildPhase section */
		46CBD4E12B8FA50800B9E7D3 /* Resources */ = {
			isa = PBXResourcesBuildPhase;
			buildActionMask = 2147483647;
			files = (
				46CBD4EF2B8FA50A00B9E7D3 /* Preview Assets.xcassets in Resources */,
				46CBD4EB2B8FA50A00B9E7D3 /* Assets.xcassets in Resources */,
			);
			runOnlyForDeploymentPostprocessing = 0;
		};
		46CBD4F22B8FA50A00B9E7D3 /* Resources */ = {
			isa = PBXResourcesBuildPhase;
			buildActionMask = 2147483647;
			files = (
			);
			runOnlyForDeploymentPostprocessing = 0;
		};
		46CBD4FC2B8FA50A00B9E7D3 /* Resources */ = {
			isa = PBXResourcesBuildPhase;
			buildActionMask = 2147483647;
			files = (
			);
			runOnlyForDeploymentPostprocessing = 0;
		};
/* End PBXResourcesBuildPhase section */

/* Begin PBXSourcesBuildPhase section */
		46CBD4DF2B8FA50800B9E7D3 /* Sources */ = {
			isa = PBXSourcesBuildPhase;
			buildActionMask = 2147483647;
			files = (
				46CBD4E92B8FA50800B9E7D3 /* ContentView.swift in Sources */,
				46CBD4E72B8FA50800B9E7D3 /* IOS_MapKitApp.swift in Sources */,
				46A7AB262B90CDDC00890C08 /* LocationDetailsView.swift in Sources */,
			);
			runOnlyForDeploymentPostprocessing = 0;
		};
		46CBD4F02B8FA50A00B9E7D3 /* Sources */ = {
			isa = PBXSourcesBuildPhase;
			buildActionMask = 2147483647;
			files = (
				46CBD4F92B8FA50A00B9E7D3 /* IOS_MapKitTests.swift in Sources */,
			);
			runOnlyForDeploymentPostprocessing = 0;
		};
		46CBD4FA2B8FA50A00B9E7D3 /* Sources */ = {
			isa = PBXSourcesBuildPhase;
			buildActionMask = 2147483647;
			files = (
				46CBD5052B8FA50A00B9E7D3 /* IOS_MapKitUITestsLaunchTests.swift in Sources */,
				46CBD5032B8FA50A00B9E7D3 /* IOS_MapKitUITests.swift in Sources */,
			);
			runOnlyForDeploymentPostprocessing = 0;
		};
/* End PBXSourcesBuildPhase section */

/* Begin PBXTargetDependency section */
		46CBD4F62B8FA50A00B9E7D3 /* PBXTargetDependency */ = {
			isa = PBXTargetDependency;
			target = 46CBD4E22B8FA50800B9E7D3 /* IOS-MapKit */;
			targetProxy = 46CBD4F52B8FA50A00B9E7D3 /* PBXContainerItemProxy */;
		};
		46CBD5002B8FA50A00B9E7D3 /* PBXTargetDependency */ = {
			isa = PBXTargetDependency;
			target = 46CBD4E22B8FA50800B9E7D3 /* IOS-MapKit */;
			targetProxy = 46CBD4FF2B8FA50A00B9E7D3 /* PBXContainerItemProxy */;
		};
/* End PBXTargetDependency section */

/* Begin XCBuildConfiguration section */
		46CBD5062B8FA50A00B9E7D3 /* Debug */ = {
			isa = XCBuildConfiguration;
			buildSettings = {
				ALWAYS_SEARCH_USER_PATHS = NO;
				ASSETCATALOG_COMPILER_GENERATE_SWIFT_ASSET_SYMBOL_EXTENSIONS = YES;
				CLANG_ANALYZER_NONNULL = YES;
				CLANG_ANALYZER_NUMBER_OBJECT_CONVERSION = YES_AGGRESSIVE;
				CLANG_CXX_LANGUAGE_STANDARD = "gnu++20";
				CLANG_ENABLE_MODULES = YES;
				CLANG_ENABLE_OBJC_ARC = YES;
				CLANG_ENABLE_OBJC_WEAK = YES;
				CLANG_WARN_BLOCK_CAPTURE_AUTORELEASING = YES;
				CLANG_WARN_BOOL_CONVERSION = YES;
				CLANG_WARN_COMMA = YES;
				CLANG_WARN_CONSTANT_CONVERSION = YES;
				CLANG_WARN_DEPRECATED_OBJC_IMPLEMENTATIONS = YES;
				CLANG_WARN_DIRECT_OBJC_ISA_USAGE = YES_ERROR;
				CLANG_WARN_DOCUMENTATION_COMMENTS = YES;
				CLANG_WARN_EMPTY_BODY = YES;
				CLANG_WARN_ENUM_CONVERSION = YES;
				CLANG_WARN_INFINITE_RECURSION = YES;
				CLANG_WARN_INT_CONVERSION = YES;
				CLANG_WARN_NON_LITERAL_NULL_CONVERSION = YES;
				CLANG_WARN_OBJC_IMPLICIT_RETAIN_SELF = YES;
				CLANG_WARN_OBJC_LITERAL_CONVERSION = YES;
				CLANG_WARN_OBJC_ROOT_CLASS = YES_ERROR;
				CLANG_WARN_QUOTED_INCLUDE_IN_FRAMEWORK_HEADER = YES;
				CLANG_WARN_RANGE_LOOP_ANALYSIS = YES;
				CLANG_WARN_STRICT_PROTOTYPES = YES;
				CLANG_WARN_SUSPICIOUS_MOVE = YES;
				CLANG_WARN_UNGUARDED_AVAILABILITY = YES_AGGRESSIVE;
				CLANG_WARN_UNREACHABLE_CODE = YES;
				CLANG_WARN__DUPLICATE_METHOD_MATCH = YES;
				COPY_PHASE_STRIP = NO;
				DEBUG_INFORMATION_FORMAT = dwarf;
				ENABLE_STRICT_OBJC_MSGSEND = YES;
				ENABLE_TESTABILITY = YES;
				ENABLE_USER_SCRIPT_SANDBOXING = YES;
				GCC_C_LANGUAGE_STANDARD = gnu17;
				GCC_DYNAMIC_NO_PIC = NO;
				GCC_NO_COMMON_BLOCKS = YES;
				GCC_OPTIMIZATION_LEVEL = 0;
				GCC_PREPROCESSOR_DEFINITIONS = (
					"DEBUG=1",
					"$(inherited)",
				);
				GCC_WARN_64_TO_32_BIT_CONVERSION = YES;
				GCC_WARN_ABOUT_RETURN_TYPE = YES_ERROR;
				GCC_WARN_UNDECLARED_SELECTOR = YES;
				GCC_WARN_UNINITIALIZED_AUTOS = YES_AGGRESSIVE;
				GCC_WARN_UNUSED_FUNCTION = YES;
				GCC_WARN_UNUSED_VARIABLE = YES;
				LOCALIZATION_PREFERS_STRING_CATALOGS = YES;
				MTL_ENABLE_DEBUG_INFO = INCLUDE_SOURCE;
				MTL_FAST_MATH = YES;
				ONLY_ACTIVE_ARCH = YES;
				SWIFT_ACTIVE_COMPILATION_CONDITIONS = "DEBUG $(inherited)";
				SWIFT_OPTIMIZATION_LEVEL = "-Onone";
			};
			name = Debug;
		};
		46CBD5072B8FA50A00B9E7D3 /* Release */ = {
			isa = XCBuildConfiguration;
			buildSettings = {
				ALWAYS_SEARCH_USER_PATHS = NO;
				ASSETCATALOG_COMPILER_GENERATE_SWIFT_ASSET_SYMBOL_EXTENSIONS = YES;
				CLANG_ANALYZER_NONNULL = YES;
				CLANG_ANALYZER_NUMBER_OBJECT_CONVERSION = YES_AGGRESSIVE;
				CLANG_CXX_LANGUAGE_STANDARD = "gnu++20";
				CLANG_ENABLE_MODULES = YES;
				CLANG_ENABLE_OBJC_ARC = YES;
				CLANG_ENABLE_OBJC_WEAK = YES;
				CLANG_WARN_BLOCK_CAPTURE_AUTORELEASING = YES;
				CLANG_WARN_BOOL_CONVERSION = YES;
				CLANG_WARN_COMMA = YES;
				CLANG_WARN_CONSTANT_CONVERSION = YES;
				CLANG_WARN_DEPRECATED_OBJC_IMPLEMENTATIONS = YES;
				CLANG_WARN_DIRECT_OBJC_ISA_USAGE = YES_ERROR;
				CLANG_WARN_DOCUMENTATION_COMMENTS = YES;
				CLANG_WARN_EMPTY_BODY = YES;
				CLANG_WARN_ENUM_CONVERSION = YES;
				CLANG_WARN_INFINITE_RECURSION = YES;
				CLANG_WARN_INT_CONVERSION = YES;
				CLANG_WARN_NON_LITERAL_NULL_CONVERSION = YES;
				CLANG_WARN_OBJC_IMPLICIT_RETAIN_SELF = YES;
				CLANG_WARN_OBJC_LITERAL_CONVERSION = YES;
				CLANG_WARN_OBJC_ROOT_CLASS = YES_ERROR;
				CLANG_WARN_QUOTED_INCLUDE_IN_FRAMEWORK_HEADER = YES;
				CLANG_WARN_RANGE_LOOP_ANALYSIS = YES;
				CLANG_WARN_STRICT_PROTOTYPES = YES;
				CLANG_WARN_SUSPICIOUS_MOVE = YES;
				CLANG_WARN_UNGUARDED_AVAILABILITY = YES_AGGRESSIVE;
				CLANG_WARN_UNREACHABLE_CODE = YES;
				CLANG_WARN__DUPLICATE_METHOD_MATCH = YES;
				COPY_PHASE_STRIP = NO;
				DEBUG_INFORMATION_FORMAT = "dwarf-with-dsym";
				ENABLE_NS_ASSERTIONS = NO;
				ENABLE_STRICT_OBJC_MSGSEND = YES;
				ENABLE_USER_SCRIPT_SANDBOXING = YES;
				GCC_C_LANGUAGE_STANDARD = gnu17;
				GCC_NO_COMMON_BLOCKS = YES;
				GCC_WARN_64_TO_32_BIT_CONVERSION = YES;
				GCC_WARN_ABOUT_RETURN_TYPE = YES_ERROR;
				GCC_WARN_UNDECLARED_SELECTOR = YES;
				GCC_WARN_UNINITIALIZED_AUTOS = YES_AGGRESSIVE;
				GCC_WARN_UNUSED_FUNCTION = YES;
				GCC_WARN_UNUSED_VARIABLE = YES;
				LOCALIZATION_PREFERS_STRING_CATALOGS = YES;
				MTL_ENABLE_DEBUG_INFO = NO;
				MTL_FAST_MATH = YES;
				SWIFT_COMPILATION_MODE = wholemodule;
			};
			name = Release;
		};
		46CBD5092B8FA50A00B9E7D3 /* Debug */ = {
			isa = XCBuildConfiguration;
			buildSettings = {
				ASSETCATALOG_COMPILER_APPICON_NAME = AppIcon;
				ASSETCATALOG_COMPILER_GLOBAL_ACCENT_COLOR_NAME = AccentColor;
				CODE_SIGN_ENTITLEMENTS = "IOS-MapKit/IOS_MapKit.entitlements";
				CODE_SIGN_STYLE = Automatic;
				CURRENT_PROJECT_VERSION = 1;
				DEVELOPMENT_ASSET_PATHS = "\"IOS-MapKit/Preview Content\"";
				DEVELOPMENT_TEAM = 8SBSSA37JJ;
				ENABLE_HARDENED_RUNTIME = YES;
				ENABLE_PREVIEWS = YES;
				GENERATE_INFOPLIST_FILE = YES;
				"INFOPLIST_KEY_UIApplicationSceneManifest_Generation[sdk=iphoneos*]" = YES;
				"INFOPLIST_KEY_UIApplicationSceneManifest_Generation[sdk=iphonesimulator*]" = YES;
				"INFOPLIST_KEY_UIApplicationSupportsIndirectInputEvents[sdk=iphoneos*]" = YES;
				"INFOPLIST_KEY_UIApplicationSupportsIndirectInputEvents[sdk=iphonesimulator*]" = YES;
				"INFOPLIST_KEY_UILaunchScreen_Generation[sdk=iphoneos*]" = YES;
				"INFOPLIST_KEY_UILaunchScreen_Generation[sdk=iphonesimulator*]" = YES;
				"INFOPLIST_KEY_UIStatusBarStyle[sdk=iphoneos*]" = UIStatusBarStyleDefault;
				"INFOPLIST_KEY_UIStatusBarStyle[sdk=iphonesimulator*]" = UIStatusBarStyleDefault;
				INFOPLIST_KEY_UISupportedInterfaceOrientations_iPad = "UIInterfaceOrientationPortrait UIInterfaceOrientationPortraitUpsideDown UIInterfaceOrientationLandscapeLeft UIInterfaceOrientationLandscapeRight";
				INFOPLIST_KEY_UISupportedInterfaceOrientations_iPhone = "UIInterfaceOrientationPortrait UIInterfaceOrientationLandscapeLeft UIInterfaceOrientationLandscapeRight";
				IPHONEOS_DEPLOYMENT_TARGET = 17.2;
				LD_RUNPATH_SEARCH_PATHS = "@executable_path/Frameworks";
				"LD_RUNPATH_SEARCH_PATHS[sdk=macosx*]" = "@executable_path/../Frameworks";
				MACOSX_DEPLOYMENT_TARGET = 14.2;
				MARKETING_VERSION = 1.0;
				PRODUCT_BUNDLE_IDENTIFIER = "com.technontechtv.IOS-MapKit";
				PRODUCT_NAME = "$(TARGET_NAME)";
				SDKROOT = auto;
				SUPPORTED_PLATFORMS = "iphoneos iphonesimulator macosx";
				SWIFT_EMIT_LOC_STRINGS = YES;
				SWIFT_VERSION = 5.0;
				TARGETED_DEVICE_FAMILY = "1,2";
			};
			name = Debug;
		};
		46CBD50A2B8FA50A00B9E7D3 /* Release */ = {
			isa = XCBuildConfiguration;
			buildSettings = {
				ASSETCATALOG_COMPILER_APPICON_NAME = AppIcon;
				ASSETCATALOG_COMPILER_GLOBAL_ACCENT_COLOR_NAME = AccentColor;
				CODE_SIGN_ENTITLEMENTS = "IOS-MapKit/IOS_MapKit.entitlements";
				CODE_SIGN_STYLE = Automatic;
				CURRENT_PROJECT_VERSION = 1;
				DEVELOPMENT_ASSET_PATHS = "\"IOS-MapKit/Preview Content\"";
				DEVELOPMENT_TEAM = 8SBSSA37JJ;
				ENABLE_HARDENED_RUNTIME = YES;
				ENABLE_PREVIEWS = YES;
				GENERATE_INFOPLIST_FILE = YES;
				"INFOPLIST_KEY_UIApplicationSceneManifest_Generation[sdk=iphoneos*]" = YES;
				"INFOPLIST_KEY_UIApplicationSceneManifest_Generation[sdk=iphonesimulator*]" = YES;
				"INFOPLIST_KEY_UIApplicationSupportsIndirectInputEvents[sdk=iphoneos*]" = YES;
				"INFOPLIST_KEY_UIApplicationSupportsIndirectInputEvents[sdk=iphonesimulator*]" = YES;
				"INFOPLIST_KEY_UILaunchScreen_Generation[sdk=iphoneos*]" = YES;
				"INFOPLIST_KEY_UILaunchScreen_Generation[sdk=iphonesimulator*]" = YES;
				"INFOPLIST_KEY_UIStatusBarStyle[sdk=iphoneos*]" = UIStatusBarStyleDefault;
				"INFOPLIST_KEY_UIStatusBarStyle[sdk=iphonesimulator*]" = UIStatusBarStyleDefault;
				INFOPLIST_KEY_UISupportedInterfaceOrientations_iPad = "UIInterfaceOrientationPortrait UIInterfaceOrientationPortraitUpsideDown UIInterfaceOrientationLandscapeLeft UIInterfaceOrientationLandscapeRight";
				INFOPLIST_KEY_UISupportedInterfaceOrientations_iPhone = "UIInterfaceOrientationPortrait UIInterfaceOrientationLandscapeLeft UIInterfaceOrientationLandscapeRight";
				IPHONEOS_DEPLOYMENT_TARGET = 17.2;
				LD_RUNPATH_SEARCH_PATHS = "@executable_path/Frameworks";
				"LD_RUNPATH_SEARCH_PATHS[sdk=macosx*]" = "@executable_path/../Frameworks";
				MACOSX_DEPLOYMENT_TARGET = 14.2;
				MARKETING_VERSION = 1.0;
				PRODUCT_BUNDLE_IDENTIFIER = "com.technontechtv.IOS-MapKit";
				PRODUCT_NAME = "$(TARGET_NAME)";
				SDKROOT = auto;
				SUPPORTED_PLATFORMS = "iphoneos iphonesimulator macosx";
				SWIFT_EMIT_LOC_STRINGS = YES;
				SWIFT_VERSION = 5.0;
				TARGETED_DEVICE_FAMILY = "1,2";
			};
			name = Release;
		};
		46CBD50C2B8FA50A00B9E7D3 /* Debug */ = {
			isa = XCBuildConfiguration;
			buildSettings = {
				ALWAYS_EMBED_SWIFT_STANDARD_LIBRARIES = YES;
				BUNDLE_LOADER = "$(TEST_HOST)";
				CODE_SIGN_STYLE = Automatic;
				CURRENT_PROJECT_VERSION = 1;
				DEVELOPMENT_TEAM = 8SBSSA37JJ;
				GENERATE_INFOPLIST_FILE = YES;
				IPHONEOS_DEPLOYMENT_TARGET = 17.2;
				MACOSX_DEPLOYMENT_TARGET = 14.2;
				MARKETING_VERSION = 1.0;
				PRODUCT_BUNDLE_IDENTIFIER = "com.technontechtv.IOS-MapKitTests";
				PRODUCT_NAME = "$(TARGET_NAME)";
				SDKROOT = auto;
				SUPPORTED_PLATFORMS = "iphoneos iphonesimulator macosx";
				SWIFT_EMIT_LOC_STRINGS = NO;
				SWIFT_VERSION = 5.0;
				TARGETED_DEVICE_FAMILY = "1,2";
				TEST_HOST = "$(BUILT_PRODUCTS_DIR)/IOS-MapKit.app/$(BUNDLE_EXECUTABLE_FOLDER_PATH)/IOS-MapKit";
			};
			name = Debug;
		};
		46CBD50D2B8FA50A00B9E7D3 /* Release */ = {
			isa = XCBuildConfiguration;
			buildSettings = {
				ALWAYS_EMBED_SWIFT_STANDARD_LIBRARIES = YES;
				BUNDLE_LOADER = "$(TEST_HOST)";
				CODE_SIGN_STYLE = Automatic;
				CURRENT_PROJECT_VERSION = 1;
				DEVELOPMENT_TEAM = 8SBSSA37JJ;
				GENERATE_INFOPLIST_FILE = YES;
				IPHONEOS_DEPLOYMENT_TARGET = 17.2;
				MACOSX_DEPLOYMENT_TARGET = 14.2;
				MARKETING_VERSION = 1.0;
				PRODUCT_BUNDLE_IDENTIFIER = "com.technontechtv.IOS-MapKitTests";
				PRODUCT_NAME = "$(TARGET_NAME)";
				SDKROOT = auto;
				SUPPORTED_PLATFORMS = "iphoneos iphonesimulator macosx";
				SWIFT_EMIT_LOC_STRINGS = NO;
				SWIFT_VERSION = 5.0;
				TARGETED_DEVICE_FAMILY = "1,2";
				TEST_HOST = "$(BUILT_PRODUCTS_DIR)/IOS-MapKit.app/$(BUNDLE_EXECUTABLE_FOLDER_PATH)/IOS-MapKit";
			};
			name = Release;
		};
		46CBD50F2B8FA50A00B9E7D3 /* Debug */ = {
			isa = XCBuildConfiguration;
			buildSettings = {
				ALWAYS_EMBED_SWIFT_STANDARD_LIBRARIES = YES;
				CODE_SIGN_STYLE = Automatic;
				CURRENT_PROJECT_VERSION = 1;
				DEVELOPMENT_TEAM = 8SBSSA37JJ;
				GENERATE_INFOPLIST_FILE = YES;
				IPHONEOS_DEPLOYMENT_TARGET = 17.2;
				MACOSX_DEPLOYMENT_TARGET = 14.2;
				MARKETING_VERSION = 1.0;
				PRODUCT_BUNDLE_IDENTIFIER = "com.technontechtv.IOS-MapKitUITests";
				PRODUCT_NAME = "$(TARGET_NAME)";
				SDKROOT = auto;
				SUPPORTED_PLATFORMS = "iphoneos iphonesimulator macosx";
				SWIFT_EMIT_LOC_STRINGS = NO;
				SWIFT_VERSION = 5.0;
				TARGETED_DEVICE_FAMILY = "1,2";
				TEST_TARGET_NAME = "IOS-MapKit";
			};
			name = Debug;
		};
		46CBD5102B8FA50A00B9E7D3 /* Release */ = {
			isa = XCBuildConfiguration;
			buildSettings = {
				ALWAYS_EMBED_SWIFT_STANDARD_LIBRARIES = YES;
				CODE_SIGN_STYLE = Automatic;
				CURRENT_PROJECT_VERSION = 1;
				DEVELOPMENT_TEAM = 8SBSSA37JJ;
				GENERATE_INFOPLIST_FILE = YES;
				IPHONEOS_DEPLOYMENT_TARGET = 17.2;
				MACOSX_DEPLOYMENT_TARGET = 14.2;
				MARKETING_VERSION = 1.0;
				PRODUCT_BUNDLE_IDENTIFIER = "com.technontechtv.IOS-MapKitUITests";
				PRODUCT_NAME = "$(TARGET_NAME)";
				SDKROOT = auto;
				SUPPORTED_PLATFORMS = "iphoneos iphonesimulator macosx";
				SWIFT_EMIT_LOC_STRINGS = NO;
				SWIFT_VERSION = 5.0;
				TARGETED_DEVICE_FAMILY = "1,2";
				TEST_TARGET_NAME = "IOS-MapKit";
			};
			name = Release;
		};
/* End XCBuildConfiguration section */

/* Begin XCConfigurationList section */
		46CBD4DE2B8FA50800B9E7D3 /* Build configuration list for PBXProject "IOS-MapKit" */ = {
			isa = XCConfigurationList;
			buildConfigurations = (
				46CBD5062B8FA50A00B9E7D3 /* Debug */,
				46CBD5072B8FA50A00B9E7D3 /* Release */,
			);
			defaultConfigurationIsVisible = 0;
			defaultConfigurationName = Release;
		};
		46CBD5082B8FA50A00B9E7D3 /* Build configuration list for PBXNativeTarget "IOS-MapKit" */ = {
			isa = XCConfigurationList;
			buildConfigurations = (
				46CBD5092B8FA50A00B9E7D3 /* Debug */,
				46CBD50A2B8FA50A00B9E7D3 /* Release */,
			);
			defaultConfigurationIsVisible = 0;
			defaultConfigurationName = Release;
		};
		46CBD50B2B8FA50A00B9E7D3 /* Build configuration list for PBXNativeTarget "IOS-MapKitTests" */ = {
			isa = XCConfigurationList;
			buildConfigurations = (
				46CBD50C2B8FA50A00B9E7D3 /* Debug */,
				46CBD50D2B8FA50A00B9E7D3 /* Release */,
			);
			defaultConfigurationIsVisible = 0;
			defaultConfigurationName = Release;
		};
		46CBD50E2B8FA50A00B9E7D3 /* Build configuration list for PBXNativeTarget "IOS-MapKitUITests" */ = {
			isa = XCConfigurationList;
			buildConfigurations = (
				46CBD50F2B8FA50A00B9E7D3 /* Debug */,
				46CBD5102B8FA50A00B9E7D3 /* Release */,
			);
			defaultConfigurationIsVisible = 0;
			defaultConfigurationName = Release;
		};
/* End XCConfigurationList section */
	};
	rootObject = 46CBD4DB2B8FA50800B9E7D3 /* Project object */;
}
